
Microsoft Visual Studio Solution File, Format Version 12.00
# Visual Studio Version 17
VisualStudioVersion = 17.3.32901.215
MinimumVisualStudioVersion = 10.0.40219.1
Project("{FAE04EC0-301F-11D3-BF4B-00C04F79EFBC}") = "ReporteInvestigador", "ReporteInvestigador\ReporteInvestigador.csproj", "{55848F13-8F0D-4923-8866-65C17FCA580D}"
EndProject
Project("{FAE04EC0-301F-11D3-BF4B-00C04F79EFBC}") = "BiblioInterfazSiesa", "BiblioInterfazSiesa\BiblioInterfazSiesa.csproj", "{B4A792D9-393F-4D33-A34F-CA48EC47E3FF}"
EndProject
Project("{FAE04EC0-301F-11D3-BF4B-00C04F79EFBC}") = "BliblioMVCSiesa", "BliblioMVCSiesa\BliblioMVCSiesa.csproj", "{D0048735-12A2-4F52-8CA4-B59BCD0BC516}"
EndProject
Global
	GlobalSection(SolutionConfigurationPlatforms) = preSolution
		Debug|Any CPU = Debug|Any CPU
		Release|Any CPU = Release|Any CPU
	EndGlobalSection
	GlobalSection(ProjectConfigurationPlatforms) = postSolution
		{55848F13-8F0D-4923-8866-65C17FCA580D}.Debug|Any CPU.ActiveCfg = Debug|Any CPU
		{55848F13-8F0D-4923-8866-65C17FCA580D}.Debug|Any CPU.Build.0 = Debug|Any CPU
		{55848F13-8F0D-4923-8866-65C17FCA580D}.Release|Any CPU.ActiveCfg = Release|Any CPU
		{55848F13-8F0D-4923-8866-65C17FCA580D}.Release|Any CPU.Build.0 = Release|Any CPU
		{B4A792D9-393F-4D33-A34F-CA48EC47E3FF}.Debug|Any CPU.ActiveCfg = Debug|Any CPU
		{B4A792D9-393F-4D33-A34F-CA48EC47E3FF}.Debug|Any CPU.Build.0 = Debug|Any CPU
		{B4A792D9-393F-4D33-A34F-CA48EC47E3FF}.Release|Any CPU.ActiveCfg = Release|Any CPU
		{B4A792D9-393F-4D33-A34F-CA48EC47E3FF}.Release|Any CPU.Build.0 = Release|Any CPU
		{D0048735-12A2-4F52-8CA4-B59BCD0BC516}.Debug|Any CPU.ActiveCfg = Debug|Any CPU
		{D0048735-12A2-4F52-8CA4-B59BCD0BC516}.Debug|Any CPU.Build.0 = Debug|Any CPU
		{D0048735-12A2-4F52-8CA4-B59BCD0BC516}.Release|Any CPU.ActiveCfg = Release|Any CPU
		{D0048735-12A2-4F52-8CA4-B59BCD0BC516}.Release|Any CPU.Build.0 = Release|Any CPU
	EndGlobalSection
	GlobalSection(SolutionProperties) = preSolution
		HideSolutionNode = FALSE
	EndGlobalSection
	GlobalSection(ExtensibilityGlobals) = postSolution
		SolutionGuid = {98520C69-A628-432A-9316-9464871ECE8A}
	EndGlobalSection
EndGlobal
